# THIS IS AN AUTOGENERATED FILE. DO NOT EDIT THIS FILE DIRECTLY.
# yarn lockfile v1


ansi-colors@^4.1.1:
  version "4.1.1"
  resolved "https://registry.yarnpkg.com/ansi-colors/-/ansi-colors-4.1.1.tgz#cbb9ae256bf750af1eab344f229aa27fe94ba348"
  integrity sha512-JoX0apGbHaUJBNl6yF+p6JAFYZ666/hhCGKN5t9QFjbJQKUU/g8MNbFDbvfrgKXvI1QpZplPOnwIo99lX/AAmA==

boolbase@^1.0.0:
  version "1.0.0"
  resolved "https://registry.yarnpkg.com/boolbase/-/boolbase-1.0.0.tgz#68dff5fbe60c51eb37725ea9e3ed310dcc1e776e"
  integrity sha1-aN/1++YMUes3cl6p4+0xDcwed24=

cheerio-select@^1.5.0:
  version "1.5.0"
  resolved "https://registry.yarnpkg.com/cheerio-select/-/cheerio-select-1.5.0.tgz#faf3daeb31b17c5e1a9dabcee288aaf8aafa5823"
  integrity sha512-qocaHPv5ypefh6YNxvnbABM07KMxExbtbfuJoIie3iZXX1ERwYmJcIiRrr9H05ucQP1k28dav8rpdDgjQd8drg==
  dependencies:
    css-select "^4.1.3"
    css-what "^5.0.1"
    domelementtype "^2.2.0"
    domhandler "^4.2.0"
    domutils "^2.7.0"

cheerio@^1.0.0-rc.3:
  version "1.0.0-rc.10"
  resolved "https://registry.yarnpkg.com/cheerio/-/cheerio-1.0.0-rc.10.tgz#2ba3dcdfcc26e7956fc1f440e61d51c643379f3e"
  integrity sha512-g0J0q/O6mW8z5zxQ3A8E8J1hUgp4SMOvEoW/x84OwyHKe/Zccz83PVT4y5Crcr530FV6NgmKI1qvGTKVl9XXVw==
  dependencies:
    cheerio-select "^1.5.0"
    dom-serializer "^1.3.2"
    domhandler "^4.2.0"
    htmlparser2 "^6.1.0"
    parse5 "^6.0.1"
    parse5-htmlparser2-tree-adapter "^6.0.1"
    tslib "^2.2.0"

commander@>=7.0.0:
  version "8.3.0"
  resolved "https://registry.yarnpkg.com/commander/-/commander-8.3.0.tgz#4837ea1b2da67b9c616a67afbb0fafee567bca66"
  integrity sha512-OkTL9umf+He2DZkUq8f8J9of7yL6RJKI24dVITBmNfZBmri9zYZQrKkuXiKhyfPSu8tUhnVBB1iKXevvnlR4Ww==

commander@^6.1.0:
  version "6.2.1"
  resolved "https://registry.yarnpkg.com/commander/-/commander-6.2.1.tgz#0792eb682dfbc325999bb2b84fddddba110ac73c"
  integrity sha512-U7VdrJFnJgo4xjrHpTzu0yrHPGImdsmD95ZlgYSEajAn2JKzDhDTPG9kBTefmObL2w/ngeZnilk+OV9CG3d7UA==

css-select@^4.1.3:
  version "4.1.3"
  resolved "https://registry.yarnpkg.com/css-select/-/css-select-4.1.3.tgz#a70440f70317f2669118ad74ff105e65849c7067"
  integrity sha512-gT3wBNd9Nj49rAbmtFHj1cljIAOLYSX1nZ8CB7TBO3INYckygm5B7LISU/szY//YmdiSLbJvDLOx9VnMVpMBxA==
  dependencies:
    boolbase "^1.0.0"
    css-what "^5.0.0"
    domhandler "^4.2.0"
    domutils "^2.6.0"
    nth-check "^2.0.0"

css-what@^5.0.0, css-what@^5.0.1:
  version "5.1.0"
  resolved "https://registry.yarnpkg.com/css-what/-/css-what-5.1.0.tgz#3f7b707aadf633baf62c2ceb8579b545bb40f7fe"
  integrity sha512-arSMRWIIFY0hV8pIxZMEfmMI47Wj3R/aWpZDDxWYCPEiOMv6tfOrnpDtgxBYPEQD4V0Y/958+1TdC3iWTFcUPw==

dom-serializer@^1.0.1, dom-serializer@^1.3.2:
  version "1.3.2"
  resolved "https://registry.yarnpkg.com/dom-serializer/-/dom-serializer-1.3.2.tgz#6206437d32ceefaec7161803230c7a20bc1b4d91"
  integrity sha512-5c54Bk5Dw4qAxNOI1pFEizPSjVsx5+bpJKmL2kPn8JhBUq2q09tTCa3mjijun2NfK78NMouDYNMBkOrPZiS+ig==
  dependencies:
    domelementtype "^2.0.1"
    domhandler "^4.2.0"
    entities "^2.0.0"

domelementtype@^2.0.1, domelementtype@^2.2.0:
  version "2.2.0"
  resolved "https://registry.yarnpkg.com/domelementtype/-/domelementtype-2.2.0.tgz#9a0b6c2782ed6a1c7323d42267183df9bd8b1d57"
  integrity sha512-DtBMo82pv1dFtUmHyr48beiuq792Sxohr+8Hm9zoxklYPfa6n0Z3Byjj2IV7bmr2IyqClnqEQhfgHJJ5QF0R5A==

domhandler@^3.0.0:
  version "3.3.0"
  resolved "https://registry.yarnpkg.com/domhandler/-/domhandler-3.3.0.tgz#6db7ea46e4617eb15cf875df68b2b8524ce0037a"
  integrity sha512-J1C5rIANUbuYK+FuFL98650rihynUOEzRLxW+90bKZRWB6A1X1Tf82GxR1qAWLyfNPRvjqfip3Q5tdYlmAa9lA==
  dependencies:
    domelementtype "^2.0.1"

domhandler@^4.0.0, domhandler@^4.2.0:
  version "4.2.2"
  resolved "https://registry.yarnpkg.com/domhandler/-/domhandler-4.2.2.tgz#e825d721d19a86b8c201a35264e226c678ee755f"
  integrity sha512-PzE9aBMsdZO8TK4BnuJwH0QT41wgMbRzuZrHUcpYncEjmQazq8QEaBWgLG7ZyC/DAZKEgglpIA6j4Qn/HmxS3w==
  dependencies:
    domelementtype "^2.2.0"

domutils@^2.0.0, domutils@^2.5.2, domutils@^2.6.0, domutils@^2.7.0:
  version "2.8.0"
  resolved "https://registry.yarnpkg.com/domutils/-/domutils-2.8.0.tgz#4437def5db6e2d1f5d6ee859bd95ca7d02048135"
  integrity sha512-w96Cjofp72M5IIhpjgobBimYEfoPjx1Vx0BSX9P30WBdZW2WIKU0T1Bd0kz2eNZ9ikjKgHbEyKx8BB6H1L3h3A==
  dependencies:
    dom-serializer "^1.0.1"
    domelementtype "^2.2.0"
    domhandler "^4.2.0"

entities@^2.0.0:
  version "2.2.0"
  resolved "https://registry.yarnpkg.com/entities/-/entities-2.2.0.tgz#098dc90ebb83d8dffa089d55256b351d34c4da55"
  integrity sha512-p92if5Nz619I0w+akJrLZH0MX0Pb5DX39XOwQTtXSdQQOaYH03S1uIQp4mhOZtAXrxq4ViO67YTiLBo2638o9A==

esbuild-android-arm64@0.13.14:
  version "0.13.14"
  resolved "https://registry.yarnpkg.com/esbuild-android-arm64/-/esbuild-android-arm64-0.13.14.tgz#c85083ece26be3d67e6c720e088968a98409e023"
  integrity sha512-Q+Xhfp827r+ma8/DJgpMRUbDZfefsk13oePFEXEIJ4gxFbNv5+vyiYXYuKm43/+++EJXpnaYmEnu4hAKbAWYbA==

esbuild-darwin-64@0.13.14:
  version "0.13.14"
  resolved "https://registry.yarnpkg.com/esbuild-darwin-64/-/esbuild-darwin-64-0.13.14.tgz#8e4e237ad847cc54a1d3a5caee26a746b9f0b81f"
  integrity sha512-YmOhRns6QBNSjpVdTahi/yZ8dscx9ai7a6OY6z5ACgOuQuaQ2Qk2qgJ0/siZ6LgD0gJFMV8UINFV5oky5TFNQQ==

esbuild-darwin-arm64@0.13.14:
  version "0.13.14"
  resolved "https://registry.yarnpkg.com/esbuild-darwin-arm64/-/esbuild-darwin-arm64-0.13.14.tgz#b3b5ebd40b2cb06ee0f6fb342dd4bdcca54ad273"
  integrity sha512-Lp00VTli2jqZghSa68fx3fEFCPsO1hK59RMo1PRap5RUjhf55OmaZTZYnCDI0FVlCtt+gBwX5qwFt4lc6tI1xg==

esbuild-freebsd-64@0.13.14:
  version "0.13.14"
  resolved "https://registry.yarnpkg.com/esbuild-freebsd-64/-/esbuild-freebsd-64-0.13.14.tgz#175ecb2fa8141428cf70ea2d5f4c27534bad53e0"
  integrity sha512-BKosI3jtvTfnmsCW37B1TyxMUjkRWKqopR0CE9AF2ratdpkxdR24Vpe3gLKNyWiZ7BE96/SO5/YfhbPUzY8wKw==

esbuild-freebsd-arm64@0.13.14:
  version "0.13.14"
  resolved "https://registry.yarnpkg.com/esbuild-freebsd-arm64/-/esbuild-freebsd-arm64-0.13.14.tgz#a7d64e41d1fa581f8db7775e5200f18e67d70c4d"
  integrity sha512-yd2uh0yf+fWv5114+SYTl4/1oDWtr4nN5Op+PGxAkMqHfYfLjFKpcxwCo/QOS/0NWqPVE8O41IYZlFhbEN2B8Q==

esbuild-linux-32@0.13.14:
  version "0.13.14"
  resolved "https://registry.yarnpkg.com/esbuild-linux-32/-/esbuild-linux-32-0.13.14.tgz#14bdd4f6b6cfd35c65c835894651ba335c2117da"
  integrity sha512-a8rOnS1oWSfkkYWXoD2yXNV4BdbDKA7PNVQ1klqkY9SoSApL7io66w5H44mTLsfyw7G6Z2vLlaLI2nz9MMAowA==

esbuild-linux-64@0.13.14:
  version "0.13.14"
  resolved "https://registry.yarnpkg.com/esbuild-linux-64/-/esbuild-linux-64-0.13.14.tgz#7fd56851b2982fdd0cd8447ee9858c2c5711708a"
  integrity sha512-yPZSoMs9W2MC3Dw+6kflKt5FfQm6Dicex9dGIr1OlHRsn3Hm7yGMUTctlkW53KknnZdOdcdd5upxvbxqymczVQ==

esbuild-linux-arm64@0.13.14:
  version "0.13.14"
  resolved "https://registry.yarnpkg.com/esbuild-linux-arm64/-/esbuild-linux-arm64-0.13.14.tgz#a55634d70679ba509adeafd68eebb9fd1ec5af6c"
  integrity sha512-Lvo391ln9PzC334e+jJ2S0Rt0cxP47eoH5gFyv/E8HhOnEJTvm7A+RRnMjjHnejELacTTfYgFGQYPjLsi/jObQ==

esbuild-linux-arm@0.13.14:
  version "0.13.14"
  resolved "https://registry.yarnpkg.com/esbuild-linux-arm/-/esbuild-linux-arm-0.13.14.tgz#bb96a99677e608b31ff61f37564326d38e846ca2"
  integrity sha512-8chZE4pkKRvJ/M/iwsNQ1KqsRg2RyU5eT/x2flNt/f8F2TVrDreR7I0HEeCR50wLla3B1C3wTIOzQBmjuc6uWg==

esbuild-linux-mips64le@0.13.14:
  version "0.13.14"
  resolved "https://registry.yarnpkg.com/esbuild-linux-mips64le/-/esbuild-linux-mips64le-0.13.14.tgz#6a55362a8fd1e593dea2ecc41877beed8b8184b9"
  integrity sha512-MZhgxbmrWbpY3TOE029O6l5tokG9+Yoj2hW7vdit/d/VnmneqeGrSHADuDL6qXM8L5jaCiaivb4VhsyVCpdAbQ==

esbuild-linux-ppc64le@0.13.14:
  version "0.13.14"
  resolved "https://registry.yarnpkg.com/esbuild-linux-ppc64le/-/esbuild-linux-ppc64le-0.13.14.tgz#9e0048587ece0a7f184ab147f20d077098045e7f"
  integrity sha512-un7KMwS7fX1Un6BjfSZxTT8L5cV/8Uf4SAhM7WYy2XF8o8TI+uRxxD03svZnRNIPsN2J5cl6qV4n7Iwz+yhhVw==

esbuild-netbsd-64@0.13.14:
  version "0.13.14"
  resolved "https://registry.yarnpkg.com/esbuild-netbsd-64/-/esbuild-netbsd-64-0.13.14.tgz#dcab16a4bbcfa16e2e8535dadc5f64fdc891c63b"
  integrity sha512-5ekKx/YbOmmlTeNxBjh38Uh5TGn5C4uyqN17i67k18pS3J+U2hTVD7rCxcFcRS1AjNWumkVL3jWqYXadFwMS0Q==

esbuild-openbsd-64@0.13.14:
  version "0.13.14"
  resolved "https://registry.yarnpkg.com/esbuild-openbsd-64/-/esbuild-openbsd-64-0.13.14.tgz#3c7453b155ebb68dc34d5aec3bd6505337bdda08"
  integrity sha512-9bzvwewHjct2Cv5XcVoE1yW5YTW12Sk838EYfA46abgnhxGoFSD1mFcaztp5HHC43AsF+hQxbSFG/RilONARUA==

esbuild-sunos-64@0.13.14:
  version "0.13.14"
  resolved "https://registry.yarnpkg.com/esbuild-sunos-64/-/esbuild-sunos-64-0.13.14.tgz#85addf5fef6b5db154a955d4f2e88953359d75ce"
  integrity sha512-mjMrZB76M6FmoiTvj/RGWilrioR7gVwtFBRVugr9qLarXMIU1W/pQx+ieEOtflrW61xo8w1fcxyHsVVGRvoQ0w==

esbuild-windows-32@0.13.14:
  version "0.13.14"
  resolved "https://registry.yarnpkg.com/esbuild-windows-32/-/esbuild-windows-32-0.13.14.tgz#f77f98f30a5c636c44db2428ecdf9bcbbaedb1a7"
  integrity sha512-GZa6mrx2rgfbH/5uHg0Rdw50TuOKbdoKCpEBitzmG5tsXBdce+cOL+iFO5joZc6fDVCLW3Y6tjxmSXRk/v20Hg==

esbuild-windows-64@0.13.14:
  version "0.13.14"
  resolved "https://registry.yarnpkg.com/esbuild-windows-64/-/esbuild-windows-64-0.13.14.tgz#bc778674c40d65150d12385e0f23eb3a0badbd0d"
  integrity sha512-Lsgqah24bT7ClHjLp/Pj3A9wxjhIAJyWQcrOV4jqXAFikmrp2CspA8IkJgw7HFjx6QrJuhpcKVbCAe/xw0i2yw==

esbuild-windows-arm64@0.13.14:
  version "0.13.14"
  resolved "https://registry.yarnpkg.com/esbuild-windows-arm64/-/esbuild-windows-arm64-0.13.14.tgz#91a8dad35ab2c4dd27cd83860742955b25a354d7"
  integrity sha512-KP8FHVlWGhM7nzYtURsGnskXb/cBCPTfj0gOKfjKq2tHtYnhDZywsUG57nk7TKhhK0fL11LcejHG3LRW9RF/9A==

esbuild@^0.13.14:
  version "0.13.14"
  resolved "https://registry.yarnpkg.com/esbuild/-/esbuild-0.13.14.tgz#98a3f7f42809abdc2b57c84565d0f713382dc1a5"
  integrity sha512-xu4D+1ji9x53ocuomcY+KOrwAnWzhBu/wTEjpdgZ8I1c8i5vboYIeigMdzgY1UowYBKa2vZgVgUB32bu7gkxeg==
  optionalDependencies:
    esbuild-android-arm64 "0.13.14"
    esbuild-darwin-64 "0.13.14"
    esbuild-darwin-arm64 "0.13.14"
    esbuild-freebsd-64 "0.13.14"
    esbuild-freebsd-arm64 "0.13.14"
    esbuild-linux-32 "0.13.14"
    esbuild-linux-64 "0.13.14"
    esbuild-linux-arm "0.13.14"
    esbuild-linux-arm64 "0.13.14"
    esbuild-linux-mips64le "0.13.14"
    esbuild-linux-ppc64le "0.13.14"
    esbuild-netbsd-64 "0.13.14"
    esbuild-openbsd-64 "0.13.14"
    esbuild-sunos-64 "0.13.14"
    esbuild-windows-32 "0.13.14"
    esbuild-windows-64 "0.13.14"
    esbuild-windows-arm64 "0.13.14"

escape-goat@^3.0.0:
  version "3.0.0"
  resolved "https://registry.yarnpkg.com/escape-goat/-/escape-goat-3.0.0.tgz#e8b5fb658553fe8a3c4959c316c6ebb8c842b19c"
  integrity sha512-w3PwNZJwRxlp47QGzhuEBldEqVHHhh8/tIPcl6ecf2Bou99cdAt0knihBV0Ecc7CGxYduXVBDheH1K2oADRlvw==

esm@^3.2.25:
  version "3.2.25"
  resolved "https://registry.yarnpkg.com/esm/-/esm-3.2.25.tgz#342c18c29d56157688ba5ce31f8431fbb795cc10"
  integrity sha512-U1suiZ2oDVWv4zPO56S0NcR5QriEahGtdN2OR6FiOG4WJvcjBVFB0qI4+eKoWFH483PKGuLuu6V8Z4T5g63UVA==

htmlparser2@^4.0.0:
  version "4.1.0"
  resolved "https://registry.yarnpkg.com/htmlparser2/-/htmlparser2-4.1.0.tgz#9a4ef161f2e4625ebf7dfbe6c0a2f52d18a59e78"
  integrity sha512-4zDq1a1zhE4gQso/c5LP1OtrhYTncXNSpvJYtWJBtXAETPlMfi3IFNjGuQbYLuVY4ZR0QMqRVvo4Pdy9KLyP8Q==
  dependencies:
    domelementtype "^2.0.1"
    domhandler "^3.0.0"
    domutils "^2.0.0"
    entities "^2.0.0"

htmlparser2@^6.1.0:
  version "6.1.0"
  resolved "https://registry.yarnpkg.com/htmlparser2/-/htmlparser2-6.1.0.tgz#c4d762b6c3371a05dbe65e94ae43a9f845fb8fb7"
  integrity sha512-gyyPk6rgonLFEDGoeRgQNaEUvdJ4ktTmmUh/h2t7s+M8oPpIPxgNACWa+6ESR57kXstwqPiCut0V8NRpcwgU7A==
  dependencies:
    domelementtype "^2.0.1"
    domhandler "^4.0.0"
    domutils "^2.5.2"
    entities "^2.0.0"

juice@^8.0.0:
  version "8.0.0"
  resolved "https://registry.yarnpkg.com/juice/-/juice-8.0.0.tgz#ac77d3372373409b06a875aee425b9d381f645fe"
  integrity sha512-LRCfXBOqI1wt+zYR/5xwDnf+ZyiJiDt44DGZaBSAVwZWyWv3BliaiGTLS6KCvadv3uw6XGiPPFcTfY7CdF7Z/Q==
  dependencies:
    cheerio "^1.0.0-rc.3"
    commander "^6.1.0"
    mensch "^0.3.4"
    slick "^1.12.2"
    web-resource-inliner "^5.0.0"

mathjax-full@^3.2.0:
  version "3.2.0"
  resolved "https://registry.yarnpkg.com/mathjax-full/-/mathjax-full-3.2.0.tgz#e53269842a943d4df10502937518991268996c5c"
  integrity sha512-D2EBNvUG+mJyhn+M1C858k0f2Fc4KxXvbEX2WCMXroV10212JwfYqaBJ336ECBSz5X9L5LRoamxb7AJtg3KaJA==
  dependencies:
    esm "^3.2.25"
    mhchemparser "^4.1.0"
    mj-context-menu "^0.6.1"
    speech-rule-engine "^3.3.3"

mensch@^0.3.4:
  version "0.3.4"
  resolved "https://registry.yarnpkg.com/mensch/-/mensch-0.3.4.tgz#770f91b46cb16ea5b204ee735768c3f0c491fecd"
  integrity sha512-IAeFvcOnV9V0Yk+bFhYR07O3yNina9ANIN5MoXBKYJ/RLYPurd2d0yw14MDhpr9/momp0WofT1bPUh3hkzdi/g==

mhchemparser@^4.1.0:
  version "4.1.1"
  resolved "https://registry.yarnpkg.com/mhchemparser/-/mhchemparser-4.1.1.tgz#a2142fdab37a02ec8d1b48a445059287790becd5"
  integrity sha512-R75CUN6O6e1t8bgailrF1qPq+HhVeFTM3XQ0uzI+mXTybmphy3b6h4NbLOYhemViQ3lUs+6CKRkC3Ws1TlYREA==

mime@^2.4.6:
  version "2.6.0"
  resolved "https://registry.yarnpkg.com/mime/-/mime-2.6.0.tgz#a2a682a95cd4d0cb1d6257e28f83da7e35800367"
  integrity sha512-USPkMeET31rOMiarsBNIHZKLGgvKc/LrjofAnBlOttf5ajRvqiRA8QsenbcooctK6d6Ts6aqZXBA+XbkKthiQg==

mj-context-menu@^0.6.1:
  version "0.6.1"
  resolved "https://registry.yarnpkg.com/mj-context-menu/-/mj-context-menu-0.6.1.tgz#a043c5282bf7e1cf3821de07b13525ca6f85aa69"
  integrity sha512-7NO5s6n10TIV96d4g2uDpG7ZDpIhMh0QNfGdJw/W47JswFcosz457wqz/b5sAKvl12sxINGFCn80NZHKwxQEXA==

node-fetch@^2.6.0:
  version "2.6.6"
  resolved "https://registry.yarnpkg.com/node-fetch/-/node-fetch-2.6.6.tgz#1751a7c01834e8e1697758732e9efb6eeadfaf89"
  integrity sha512-Z8/6vRlTUChSdIgMa51jxQ4lrw/Jy5SOW10ObaA47/RElsAN2c5Pn8bTgFGWn/ibwzXTE8qwr1Yzx28vsecXEA==
  dependencies:
    whatwg-url "^5.0.0"

nth-check@^2.0.0:
  version "2.0.1"
  resolved "https://registry.yarnpkg.com/nth-check/-/nth-check-2.0.1.tgz#2efe162f5c3da06a28959fbd3db75dbeea9f0fc2"
  integrity sha512-it1vE95zF6dTT9lBsYbxvqh0Soy4SPowchj0UBGj/V6cTPnXXtQOPUbhZ6CmGzAD/rW22LQK6E96pcdJXk4A4w==
  dependencies:
    boolbase "^1.0.0"

parse5-htmlparser2-tree-adapter@^6.0.1:
  version "6.0.1"
  resolved "https://registry.yarnpkg.com/parse5-htmlparser2-tree-adapter/-/parse5-htmlparser2-tree-adapter-6.0.1.tgz#2cdf9ad823321140370d4dbf5d3e92c7c8ddc6e6"
  integrity sha512-qPuWvbLgvDGilKc5BoicRovlT4MtYT6JfJyBOMDsKoiT+GiuP5qyrPCnR9HcPECIJJmZh5jRndyNThnhhb/vlA==
  dependencies:
    parse5 "^6.0.1"

parse5@^6.0.1:
  version "6.0.1"
  resolved "https://registry.yarnpkg.com/parse5/-/parse5-6.0.1.tgz#e1a1c085c569b3dc08321184f19a39cc27f7c30b"
  integrity sha512-Ofn/CTFzRGTTxwpNEs9PP93gXShHcTq255nzRYSKe8AkVpZY7e1fpmTfOyoIvjP5HG7Z2ZM7VS9PPhQGW2pOpw==

slick@^1.12.2:
  version "1.12.2"
  resolved "https://registry.yarnpkg.com/slick/-/slick-1.12.2.tgz#bd048ddb74de7d1ca6915faa4a57570b3550c2d7"
  integrity sha1-vQSN23TefRymkV+qSldXCzVQwtc=

speech-rule-engine@^3.3.3:
  version "3.3.3"
  resolved "https://registry.yarnpkg.com/speech-rule-engine/-/speech-rule-engine-3.3.3.tgz#781ed03cbcf3279f94d1d80241025ea954c6d571"
  integrity sha512-0exWw+0XauLjat+f/aFeo5T8SiDsO1JtwpY3qgJE4cWt+yL/Stl0WP4VNDWdh7lzGkubUD9lWP4J1ASnORXfyQ==
  dependencies:
    commander ">=7.0.0"
    wicked-good-xpath "^1.3.0"
    xmldom-sre "^0.1.31"

tr46@~0.0.3:
  version "0.0.3"
  resolved "https://registry.yarnpkg.com/tr46/-/tr46-0.0.3.tgz#8184fd347dac9cdc185992f3a6622e14b9d9ab6a"
  integrity sha1-gYT9NH2snNwYWZLzpmIuFLnZq2o=

tslib@^2.2.0:
  version "2.3.1"
  resolved "https://registry.yarnpkg.com/tslib/-/tslib-2.3.1.tgz#e8a335add5ceae51aa261d32a490158ef042ef01"
  integrity sha512-77EbyPPpMz+FRFRuAFlWMtmgUWGe9UOG2Z25NqCwiIjRhOf5iKGuzSe5P2w1laq+FkRy4p+PCuVkJSGkzTEKVw==

typescript@^4.4.2:
  version "4.4.4"
  resolved "https://registry.yarnpkg.com/typescript/-/typescript-4.4.4.tgz#2cd01a1a1f160704d3101fd5a58ff0f9fcb8030c"
  integrity sha512-DqGhF5IKoBl8WNf8C1gu8q0xZSInh9j1kJJMqT3a94w1JzVaBU4EXOSMrz9yDqMT0xt3selp83fuFMQ0uzv6qA==

valid-data-url@^3.0.0:
  version "3.0.1"
  resolved "https://registry.yarnpkg.com/valid-data-url/-/valid-data-url-3.0.1.tgz#826c1744e71b5632e847dd15dbd45b9fb38aa34f"
  integrity sha512-jOWVmzVceKlVVdwjNSenT4PbGghU0SBIizAev8ofZVgivk/TVHXSbNL8LP6M3spZvkR9/QolkyJavGSX5Cs0UA==

web-resource-inliner@^5.0.0:
  version "5.0.0"
  resolved "https://registry.yarnpkg.com/web-resource-inliner/-/web-resource-inliner-5.0.0.tgz#ac30db8096931f20a7c1b3ade54ff444e2e20f7b"
  integrity sha512-AIihwH+ZmdHfkJm7BjSXiEClVt4zUFqX4YlFAzjL13wLtDuUneSaFvDBTbdYRecs35SiU7iNKbMnN+++wVfb6A==
  dependencies:
    ansi-colors "^4.1.1"
    escape-goat "^3.0.0"
    htmlparser2 "^4.0.0"
    mime "^2.4.6"
    node-fetch "^2.6.0"
    valid-data-url "^3.0.0"

webidl-conversions@^3.0.0:
  version "3.0.1"
  resolved "https://registry.yarnpkg.com/webidl-conversions/-/webidl-conversions-3.0.1.tgz#24534275e2a7bc6be7bc86611cc16ae0a5654871"
  integrity sha1-JFNCdeKnvGvnvIZhHMFq4KVlSHE=

whatwg-url@^5.0.0:
  version "5.0.0"
  resolved "https://registry.yarnpkg.com/whatwg-url/-/whatwg-url-5.0.0.tgz#966454e8765462e37644d3626f6742ce8b70965d"
  integrity sha1-lmRU6HZUYuN2RNNib2dCzotwll0=
  dependencies:
    tr46 "~0.0.3"
    webidl-conversions "^3.0.0"

wicked-good-xpath@^1.3.0:
  version "1.3.0"
  resolved "https://registry.yarnpkg.com/wicked-good-xpath/-/wicked-good-xpath-1.3.0.tgz#81b0e95e8650e49c94b22298fff8686b5553cf6c"
  integrity sha1-gbDpXoZQ5JyUsiKY//hoa1VTz2w=

xmldom-sre@^0.1.31:
  version "0.1.31"
  resolved "https://registry.yarnpkg.com/xmldom-sre/-/xmldom-sre-0.1.31.tgz#10860d5bab2c603144597d04bf2c4980e98067f4"
  integrity sha512-f9s+fUkX04BxQf+7mMWAp5zk61pciie+fFLC9hX9UVvCeJQfNHRHXpeo5MPcR0EUf57PYLdt+ZO4f3Ipk2oZUw==
